// !$*UTF8*$!
{
	archiveVersion = 1;
	classes = {
	};
	objectVersion = 46;
	objects = {

/* Begin PBXBuildFile section */
		638585961E48087E007F872E /* AppDelegate.swift in Sources */ = {isa = PBXBuildFile; fileRef = 638585951E48087E007F872E /* AppDelegate.swift */; };
		638585981E48087E007F872E /* ViewController.swift in Sources */ = {isa = PBXBuildFile; fileRef = 638585971E48087E007F872E /* ViewController.swift */; };
		6385859B1E48087E007F872E /* Main.storyboard in Resources */ = {isa = PBXBuildFile; fileRef = 638585991E48087E007F872E /* Main.storyboard */; };
		6385859D1E48087E007F872E /* Assets.xcassets in Resources */ = {isa = PBXBuildFile; fileRef = 6385859C1E48087E007F872E /* Assets.xcassets */; };
		638585A01E48087E007F872E /* LaunchScreen.storyboard in Resources */ = {isa = PBXBuildFile; fileRef = 6385859E1E48087E007F872E /* LaunchScreen.storyboard */; };
/* End PBXBuildFile section */

/* Begin PBXFileReference section */
		638585921E48087E007F872E /* HackerRankCode.app */ = {isa = PBXFileReference; explicitFileType = wrapper.application; includeInIndex = 0; path = HackerRankCode.app; sourceTree = BUILT_PRODUCTS_DIR; };
		638585951E48087E007F872E /* AppDelegate.swift */ = {isa = PBXFileReference; lastKnownFileType = sourcecode.swift; path = AppDelegate.swift; sourceTree = "<group>"; };
		638585971E48087E007F872E /* ViewController.swift */ = {isa = PBXFileReference; lastKnownFileType = sourcecode.swift; path = ViewController.swift; sourceTree = "<group>"; };
		6385859A1E48087E007F872E /* Base */ = {isa = PBXFileReference; lastKnownFileType = file.storyboard; name = Base; path = Base.lproj/Main.storyboard; sourceTree = "<group>"; };
		6385859C1E48087E007F872E /* Assets.xcassets */ = {isa = PBXFileReference; lastKnownFileType = folder.assetcatalog; path = Assets.xcassets; sourceTree = "<group>"; };
		6385859F1E48087E007F872E /* Base */ = {isa = PBXFileReference; lastKnownFileType = file.storyboard; name = Base; path = Base.lproj/LaunchScreen.storyboard; sourceTree = "<group>"; };
		638585A11E48087E007F872E /* Info.plist */ = {isa = PBXFileReference; lastKnownFileType = text.plist.xml; path = Info.plist; sourceTree = "<group>"; };
/* End PBXFileReference section */

/* Begin PBXFrameworksBuildPhase section */
		6385858F1E48087E007F872E /* Frameworks */ = {
			isa = PBXFrameworksBuildPhase;
			buildActionMask = 2147483647;
			files = (
			);
			runOnlyForDeploymentPostprocessing = 0;
		};
/* End PBXFrameworksBuildPhase section */

/* Begin PBXGroup section */
		638585891E48087E007F872E = {
			isa = PBXGroup;
			children = (
				638585941E48087E007F872E /* HackerRankCode */,
				638585931E48087E007F872E /* Products */,
			);
			sourceTree = "<group>";
		};
		638585931E48087E007F872E /* Products */ = {
			isa = PBXGroup;
			children = (
				638585921E48087E007F872E /* HackerRankCode.app */,
			);
			name = Products;
			sourceTree = "<group>";
		};
		638585941E48087E007F872E /* HackerRankCode */ = {
			isa = PBXGroup;
			children = (
				638585951E48087E007F872E /* AppDelegate.swift */,
				638585971E48087E007F872E /* ViewController.swift */,
				638585991E48087E007F872E /* Main.storyboard */,
				6385859C1E48087E007F872E /* Assets.xcassets */,
				6385859E1E48087E007F872E /* LaunchScreen.storyboard */,
				638585A11E48087E007F872E /* Info.plist */,
			);
			path = HackerRankCode;
			sourceTree = "<group>";
		};
/* End PBXGroup section */

/* Begin PBXNativeTarget section */
		638585911E48087E007F872E /* HackerRankCode */ = {
			isa = PBXNativeTarget;
			buildConfigurationList = 638585A41E48087E007F872E /* Build configuration list for PBXNativeTarget "HackerRankCode" */;
			buildPhases = (
				6385858E1E48087E007F872E /* Sources */,
				6385858F1E48087E007F872E /* Frameworks */,
				638585901E48087E007F872E /* Resources */,
			);
			buildRules = (
			);
			dependencies = (
			);
			name = HackerRankCode;
			productName = HackerRankCode;
			productReference = 638585921E48087E007F872E /* HackerRankCode.app */;
			productType = "com.apple.product-type.application";
		};
/* End PBXNativeTarget section */

/* Begin PBXProject section */
		6385858A1E48087E007F872E /* Project object */ = {
			isa = PBXProject;
			attributes = {
				LastSwiftUpdateCheck = 0820;
				LastUpgradeCheck = 0820;
				ORGANIZATIONNAME = "TAPINFUSE, LLC";
				TargetAttributes = {
					638585911E48087E007F872E = {
						CreatedOnToolsVersion = 8.2.1;
						DevelopmentTeam = DK89B3CEZ5;
						ProvisioningStyle = Automatic;
					};
				};
			};
			buildConfigurationList = 6385858D1E48087E007F872E /* Build configuration list for PBXProject "HackerRankCode" */;
			compatibilityVersion = "Xcode 3.2";
			developmentRegion = English;
			hasScannedForEncodings = 0;
			knownRegions = (
				en,
				Base,
			);
			mainGroup = 638585891E48087E007F872E;
			productRefGroup = 638585931E48087E007F872E /* Products */;
			projectDirPath = "";
			projectRoot = "";
			targets = (
				638585911E48087E007F872E /* HackerRankCode */,
			);
		};
/* End PBXProject section */

/* Begin PBXResourcesBuildPhase section */
		638585901E48087E007F872E /* Resources */ = {
			isa = PBXResourcesBuildPhase;
			buildActionMask = 2147483647;
			files = (
				638585A01E48087E007F872E /* LaunchScreen.storyboard in Resources */,
				6385859D1E48087E007F872E /* Assets.xcassets in Resources */,
				6385859B1E48087E007F872E /* Main.storyboard in Resources */,
			);
			runOnlyForDeploymentPostprocessing = 0;
		};
/* End PBXResourcesBuildPhase section */

/* Begin PBXSourcesBuildPhase section */
		6385858E1E48087E007F872E /* Sources */ = {
			isa = PBXSourcesBuildPhase;
			buildActionMask = 2147483647;
			files = (
				638585981E48087E007F872E /* ViewController.swift in Sources */,
				638585961E48087E007F872E /* AppDelegate.swift in Sources */,
			);
			runOnlyForDeploymentPostprocessing = 0;
		};
/* End PBXSourcesBuildPhase section */

/* Begin PBXVariantGroup section */
		638585991E48087E007F872E /* Main.storyboard */ = {
			isa = PBXVariantGroup;
			children = (
				6385859A1E48087E007F872E /* Base */,
			);
			name = Main.storyboard;
			sourceTree = "<group>";
		};
		6385859E1E48087E007F872E /* LaunchScreen.storyboard */ = {
			isa = PBXVariantGroup;
			children = (
				6385859F1E48087E007F872E /* Base */,
			);
			name = LaunchScreen.storyboard;
			sourceTree = "<group>";
		};
/* End PBXVariantGroup section */

/* Begin XCBuildConfiguration section */
		638585A21E48087E007F872E /* Debug */ = {
			isa = XCBuildConfiguration;
			buildSettings = {
				ALWAYS_SEARCH_USER_PATHS = NO;
				CLANG_ANALYZER_NONNULL = YES;
				CLANG_CXX_LANGUAGE_STANDARD = "gnu++0x";
				CLANG_CXX_LIBRARY = "libc++";
				CLANG_ENABLE_MODULES = YES;
				CLANG_ENABLE_OBJC_ARC = YES;
				CLANG_WARN_BOOL_CONVERSION = YES;
				CLANG_WARN_CONSTANT_CONVERSION = YES;
				CLANG_WARN_DIRECT_OBJC_ISA_USAGE = YES_ERROR;
				CLANG_WARN_DOCUMENTATION_COMMENTS = YES;
				CLANG_WARN_EMPTY_BODY = YES;
				CLANG_WARN_ENUM_CONVERSION = YES;
				CLANG_WARN_INFINITE_RECURSION = YES;
				CLANG_WARN_INT_CONVERSION = YES;
				CLANG_WARN_OBJC_ROOT_CLASS = YES_ERROR;
				CLANG_WARN_SUSPICIOUS_MOVE = YES;
				CLANG_WARN_UNREACHABLE_CODE = YES;
				CLANG_WARN__DUPLICATE_METHOD_MATCH = YES;
				"CODE_SIGN_IDENTITY[sdk=iphoneos*]" = "iPhone Developer";
				COPY_PHASE_STRIP = NO;
				DEBUG_INFORMATION_FORMAT = dwarf;
				ENABLE_STRICT_OBJC_MSGSEND = YES;
				ENABLE_TESTABILITY = YES;
				GCC_C_LANGUAGE_STANDARD = gnu99;
				GCC_DYNAMIC_NO_PIC = NO;
				GCC_NO_COMMON_BLOCKS = YES;
				GCC_OPTIMIZATION_LEVEL = 0;
				GCC_PREPROCESSOR_DEFINITIONS = (
					"DEBUG=1",
					"$(inherited)",
				);
				GCC_WARN_64_TO_32_BIT_CONVERSION = YES;
				GCC_WARN_ABOUT_RETURN_TYPE = YES_ERROR;
				GCC_WARN_UNDECLARED_SELECTOR = YES;
				GCC_WARN_UNINITIALIZED_AUTOS = YES_AGGRESSIVE;
				GCC_WARN_UNUSED_FUNCTION = YES;
				GCC_WARN_UNUSED_VARIABLE = YES;
				IPHONEOS_DEPLOYMENT_TARGET = 10.2;
				MTL_ENABLE_DEBUG_INFO = YES;
				ONLY_ACTIVE_ARCH = YES;
				SDKROOT = iphoneos;
				SWIFT_ACTIVE_COMPILATION_CONDITIONS = DEBUG;
				SWIFT_OPTIMIZATION_LEVEL = "-Onone";
			};
			name = Debug;
		};
		638585A31E48087E007F872E /* Release */ = {
			isa = XCBuildConfiguration;
			buildSettings = {
				ALWAYS_SEARCH_USER_PATHS = NO;
				CLANG_ANALYZER_NONNULL = YES;
				CLANG_CXX_LANGUAGE_STANDARD = "gnu++0x";
				CLANG_CXX_LIBRARY = "libc++";
				CLANG_ENABLE_MODULES = YES;
				CLANG_ENABLE_OBJC_ARC = YES;
				CLANG_WARN_BOOL_CONVERSION = YES;
				CLANG_WARN_CONSTANT_CONVERSION = YES;
				CLANG_WARN_DIRECT_OBJC_ISA_USAGE = YES_ERROR;
				CLANG_WARN_DOCUMENTATION_COMMENTS = YES;
				CLANG_WARN_EMPTY_BODY = YES;
				CLANG_WARN_ENUM_CONVERSION = YES;
				CLANG_WARN_INFINITE_RECURSION = YES;
				CLANG_WARN_INT_CONVERSION = YES;
				CLANG_WARN_OBJC_ROOT_CLASS = YES_ERROR;
				CLANG_WARN_SUSPICIOUS_MOVE = YES;
				CLANG_WARN_UNREACHABLE_CODE = YES;
				CLANG_WARN__DUPLICATE_METHOD_MATCH = YES;
				"CODE_SIGN_IDENTITY[sdk=iphoneos*]" = "iPhone Developer";
				COPY_PHASE_STRIP = NO;
				DEBUG_INFORMATION_FORMAT = "dwarf-with-dsym";
				ENABLE_NS_ASSERTIONS = NO;
				ENABLE_STRICT_OBJC_MSGSEND = YES;
				GCC_C_LANGUAGE_STANDARD = gnu99;
				GCC_NO_COMMON_BLOCKS = YES;
				GCC_WARN_64_TO_32_BIT_CONVERSION = YES;
				GCC_WARN_ABOUT_RETURN_TYPE = YES_ERROR;
				GCC_WARN_UNDECLARED_SELECTOR = YES;
				GCC_WARN_UNINITIALIZED_AUTOS = YES_AGGRESSIVE;
				GCC_WARN_UNUSED_FUNCTION = YES;
				GCC_WARN_UNUSED_VARIABLE = YES;
				IPHONEOS_DEPLOYMENT_TARGET = 10.2;
				MTL_ENABLE_DEBUG_INFO = NO;
				SDKROOT = iphoneos;
				SWIFT_OPTIMIZATION_LEVEL = "-Owholemodule";
				VALIDATE_PRODUCT = YES;
			};
			name = Release;
		};
		638585A51E48087E007F872E /* Debug */ = {
			isa = XCBuildConfiguration;
			buildSettings = {
				ASSETCATALOG_COMPILER_APPICON_NAME = AppIcon;
				DEVELOPMENT_TEAM = DK89B3CEZ5;
				INFOPLIST_FILE = HackerRankCode/Info.plist;
				LD_RUNPATH_SEARCH_PATHS = "$(inherited) @executable_path/Frameworks";
				PRODUCT_BUNDLE_IDENTIFIER = com.tapinfuse.HackerRankCode;
				PRODUCT_NAME = "$(TARGET_NAME)";
				SWIFT_VERSION = 3.0;
			};
			name = Debug;
		};
		638585A61E48087E007F872E /* Release */ = {
			isa = XCBuildConfiguration;
			buildSettings = {
				ASSETCATALOG_COMPILER_APPICON_NAME = AppIcon;
				DEVELOPMENT_TEAM = DK89B3CEZ5;
				INFOPLIST_FILE = HackerRankCode/Info.plist;
				LD_RUNPATH_SEARCH_PATHS = "$(inherited) @executable_path/Frameworks";
				PRODUCT_BUNDLE_IDENTIFIER = com.tapinfuse.HackerRankCode;
				PRODUCT_NAME = "$(TARGET_NAME)";
				SWIFT_VERSION = 3.0;
			};
			name = Release;
		};
/* End XCBuildConfiguration section */

/* Begin XCConfigurationList section */
		6385858D1E48087E007F872E /* Build configuration list for PBXProject "HackerRankCode" */ = {
			isa = XCConfigurationList;
			buildConfigurations = (
				638585A21E48087E007F872E /* Debug */,
				638585A31E48087E007F872E /* Release */,
			);
			defaultConfigurationIsVisible = 0;
			defaultConfigurationName = Release;
		};
		638585A41E48087E007F872E /* Build configuration list for PBXNativeTarget "HackerRankCode" */ = {
			isa = XCConfigurationList;
			buildConfigurations = (
				638585A51E48087E007F872E /* Debug */,
				638585A61E48087E007F872E /* Release */,
			);
			defaultConfigurationIsVisible = 0;
		};
/* End XCConfigurationList section */
	};
	rootObject = 6385858A1E48087E007F872E /* Project object */;
}
